// !$*UTF8*$!
{
	archiveVersion = 1;
	classes = {
	};
	objectVersion = 56;
	objects = {

/* Begin PBXBuildFile section */
		56618DA12C002EF6005973DE /* LICENSE in Resources */ = {isa = PBXBuildFile; fileRef = 56618D9F2C002EF6005973DE /* LICENSE */; };
		56618DA22C002EF6005973DE /* README.md in Resources */ = {isa = PBXBuildFile; fileRef = 56618DA02C002EF6005973DE /* README.md */; };
		5678AA3E2BA1701400098BF9 /* poc_xdk_swiftuiApp.swift in Sources */ = {isa = PBXBuildFile; fileRef = 5678AA3D2BA1701400098BF9 /* poc_xdk_swiftuiApp.swift */; };
		5678AA402BA1701400098BF9 /* ContentView.swift in Sources */ = {isa = PBXBuildFile; fileRef = 5678AA3F2BA1701400098BF9 /* ContentView.swift */; };
		5678AA422BA1701600098BF9 /* Assets.xcassets in Resources */ = {isa = PBXBuildFile; fileRef = 5678AA412BA1701600098BF9 /* Assets.xcassets */; };
		5678AA452BA1701600098BF9 /* Preview Assets.xcassets in Resources */ = {isa = PBXBuildFile; fileRef = 5678AA442BA1701600098BF9 /* Preview Assets.xcassets */; };
		5678AA4C2BA1739B00098BF9 /* MOLPayXDK.framework in Frameworks */ = {isa = PBXBuildFile; fileRef = 5678AA4B2BA1739B00098BF9 /* MOLPayXDK.framework */; };
		5678AA4F2BA1749D00098BF9 /* MolpayDelegate.swift in Sources */ = {isa = PBXBuildFile; fileRef = 5678AA4E2BA1749D00098BF9 /* MolpayDelegate.swift */; };
		5678AA512BA1813C00098BF9 /* MpViewController.swift in Sources */ = {isa = PBXBuildFile; fileRef = 5678AA502BA1813C00098BF9 /* MpViewController.swift */; };
/* End PBXBuildFile section */

/* Begin PBXFileReference section */
		56618D9F2C002EF6005973DE /* LICENSE */ = {isa = PBXFileReference; fileEncoding = 4; lastKnownFileType = text; path = LICENSE; sourceTree = "<group>"; };
		56618DA02C002EF6005973DE /* README.md */ = {isa = PBXFileReference; fileEncoding = 4; lastKnownFileType = net.daringfireball.markdown; path = README.md; sourceTree = "<group>"; };
		5678AA3A2BA1701400098BF9 /* poc_xdk_swiftui.app */ = {isa = PBXFileReference; explicitFileType = wrapper.application; includeInIndex = 0; path = poc_xdk_swiftui.app; sourceTree = BUILT_PRODUCTS_DIR; };
		5678AA3D2BA1701400098BF9 /* poc_xdk_swiftuiApp.swift */ = {isa = PBXFileReference; lastKnownFileType = sourcecode.swift; path = poc_xdk_swiftuiApp.swift; sourceTree = "<group>"; };
		5678AA3F2BA1701400098BF9 /* ContentView.swift */ = {isa = PBXFileReference; lastKnownFileType = sourcecode.swift; path = ContentView.swift; sourceTree = "<group>"; };
		5678AA412BA1701600098BF9 /* Assets.xcassets */ = {isa = PBXFileReference; lastKnownFileType = folder.assetcatalog; path = Assets.xcassets; sourceTree = "<group>"; };
		5678AA442BA1701600098BF9 /* Preview Assets.xcassets */ = {isa = PBXFileReference; lastKnownFileType = folder.assetcatalog; path = "Preview Assets.xcassets"; sourceTree = "<group>"; };
		5678AA4B2BA1739B00098BF9 /* MOLPayXDK.framework */ = {isa = PBXFileReference; lastKnownFileType = wrapper.framework; path = MOLPayXDK.framework; sourceTree = "<group>"; };
		5678AA4D2BA173B600098BF9 /* MOLPayXDKBridge.h */ = {isa = PBXFileReference; fileEncoding = 4; lastKnownFileType = sourcecode.c.h; path = MOLPayXDKBridge.h; sourceTree = "<group>"; };
		5678AA4E2BA1749D00098BF9 /* MolpayDelegate.swift */ = {isa = PBXFileReference; lastKnownFileType = sourcecode.swift; path = MolpayDelegate.swift; sourceTree = "<group>"; };
		5678AA502BA1813C00098BF9 /* MpViewController.swift */ = {isa = PBXFileReference; lastKnownFileType = sourcecode.swift; path = MpViewController.swift; sourceTree = "<group>"; };
/* End PBXFileReference section */

/* Begin PBXFrameworksBuildPhase section */
		5678AA372BA1701400098BF9 /* Frameworks */ = {
			isa = PBXFrameworksBuildPhase;
			buildActionMask = 2147483647;
			files = (
				5678AA4C2BA1739B00098BF9 /* MOLPayXDK.framework in Frameworks */,
			);
			runOnlyForDeploymentPostprocessing = 0;
		};
/* End PBXFrameworksBuildPhase section */

/* Begin PBXGroup section */
		56618D9E2C002D82005973DE /* XDK_information */ = {
			isa = PBXGroup;
			children = (
				56618D9F2C002EF6005973DE /* LICENSE */,
				56618DA02C002EF6005973DE /* README.md */,
			);
			name = XDK_information;
			sourceTree = "<group>";
		};
		5678AA312BA1701400098BF9 = {
			isa = PBXGroup;
			children = (
				56618D9E2C002D82005973DE /* XDK_information */,
				5678AA4B2BA1739B00098BF9 /* MOLPayXDK.framework */,
				5678AA3C2BA1701400098BF9 /* poc_xdk_swiftui */,
				5678AA3B2BA1701400098BF9 /* Products */,
			);
			sourceTree = "<group>";
		};
		5678AA3B2BA1701400098BF9 /* Products */ = {
			isa = PBXGroup;
			children = (
				5678AA3A2BA1701400098BF9 /* poc_xdk_swiftui.app */,
			);
			name = Products;
			sourceTree = "<group>";
		};
		5678AA3C2BA1701400098BF9 /* poc_xdk_swiftui */ = {
			isa = PBXGroup;
			children = (
				5678AA4D2BA173B600098BF9 /* MOLPayXDKBridge.h */,
				5678AA3D2BA1701400098BF9 /* poc_xdk_swiftuiApp.swift */,
				5678AA3F2BA1701400098BF9 /* ContentView.swift */,
				5678AA412BA1701600098BF9 /* Assets.xcassets */,
				5678AA432BA1701600098BF9 /* Preview Content */,
				5678AA4E2BA1749D00098BF9 /* MolpayDelegate.swift */,
				5678AA502BA1813C00098BF9 /* MpViewController.swift */,
			);
			path = poc_xdk_swiftui;
			sourceTree = "<group>";
		};
		5678AA432BA1701600098BF9 /* Preview Content */ = {
			isa = PBXGroup;
			children = (
				5678AA442BA1701600098BF9 /* Preview Assets.xcassets */,
			);
			path = "Preview Content";
			sourceTree = "<group>";
		};
/* End PBXGroup section */

/* Begin PBXNativeTarget section */
		5678AA392BA1701400098BF9 /* poc_xdk_swiftui */ = {
			isa = PBXNativeTarget;
			buildConfigurationList = 5678AA482BA1701600098BF9 /* Build configuration list for PBXNativeTarget "poc_xdk_swiftui" */;
			buildPhases = (
				5678AA362BA1701400098BF9 /* Sources */,
				5678AA372BA1701400098BF9 /* Frameworks */,
				5678AA382BA1701400098BF9 /* Resources */,
			);
			buildRules = (
			);
			dependencies = (
			);
			name = poc_xdk_swiftui;
			productName = poc_xdk_swiftui;
			productReference = 5678AA3A2BA1701400098BF9 /* poc_xdk_swiftui.app */;
			productType = "com.apple.product-type.application";
		};
/* End PBXNativeTarget section */

/* Begin PBXProject section */
		5678AA322BA1701400098BF9 /* Project object */ = {
			isa = PBXProject;
			attributes = {
				BuildIndependentTargetsInParallel = 1;
				LastSwiftUpdateCheck = 1430;
				LastUpgradeCheck = 1430;
				TargetAttributes = {
					5678AA392BA1701400098BF9 = {
						CreatedOnToolsVersion = 14.3.1;
					};
				};
			};
			buildConfigurationList = 5678AA352BA1701400098BF9 /* Build configuration list for PBXProject "poc_xdk_swiftui" */;
			compatibilityVersion = "Xcode 14.0";
			developmentRegion = en;
			hasScannedForEncodings = 0;
			knownRegions = (
				en,
				Base,
			);
			mainGroup = 5678AA312BA1701400098BF9;
			productRefGroup = 5678AA3B2BA1701400098BF9 /* Products */;
			projectDirPath = "";
			projectRoot = "";
			targets = (
				5678AA392BA1701400098BF9 /* poc_xdk_swiftui */,
			);
		};
/* End PBXProject section */

/* Begin PBXResourcesBuildPhase section */
		5678AA382BA1701400098BF9 /* Resources */ = {
			isa = PBXResourcesBuildPhase;
			buildActionMask = 2147483647;
			files = (
				56618DA12C002EF6005973DE /* LICENSE in Resources */,
				5678AA452BA1701600098BF9 /* Preview Assets.xcassets in Resources */,
				56618DA22C002EF6005973DE /* README.md in Resources */,
				5678AA422BA1701600098BF9 /* Assets.xcassets in Resources */,
			);
			runOnlyForDeploymentPostprocessing = 0;
		};
/* End PBXResourcesBuildPhase section */

/* Begin PBXSourcesBuildPhase section */
		5678AA362BA1701400098BF9 /* Sources */ = {
			isa = PBXSourcesBuildPhase;
			buildActionMask = 2147483647;
			files = (
				5678AA512BA1813C00098BF9 /* MpViewController.swift in Sources */,
				5678AA402BA1701400098BF9 /* ContentView.swift in Sources */,
				5678AA3E2BA1701400098BF9 /* poc_xdk_swiftuiApp.swift in Sources */,
				5678AA4F2BA1749D00098BF9 /* MolpayDelegate.swift in Sources */,
			);
			runOnlyForDeploymentPostprocessing = 0;
		};
/* End PBXSourcesBuildPhase section */

/* Begin XCBuildConfiguration section */
		5678AA462BA1701600098BF9 /* Debug */ = {
			isa = XCBuildConfiguration;
			buildSettings = {
				ALWAYS_SEARCH_USER_PATHS = NO;
				CLANG_ANALYZER_NONNULL = YES;
				CLANG_ANALYZER_NUMBER_OBJECT_CONVERSION = YES_AGGRESSIVE;
				CLANG_CXX_LANGUAGE_STANDARD = "gnu++20";
				CLANG_ENABLE_MODULES = YES;
				CLANG_ENABLE_OBJC_ARC = YES;
				CLANG_ENABLE_OBJC_WEAK = YES;
				CLANG_WARN_BLOCK_CAPTURE_AUTORELEASING = YES;
				CLANG_WARN_BOOL_CONVERSION = YES;
				CLANG_WARN_COMMA = YES;
				CLANG_WARN_CONSTANT_CONVERSION = YES;
				CLANG_WARN_DEPRECATED_OBJC_IMPLEMENTATIONS = YES;
				CLANG_WARN_DIRECT_OBJC_ISA_USAGE = YES_ERROR;
				CLANG_WARN_DOCUMENTATION_COMMENTS = YES;
				CLANG_WARN_EMPTY_BODY = YES;
				CLANG_WARN_ENUM_CONVERSION = YES;
				CLANG_WARN_INFINITE_RECURSION = YES;
				CLANG_WARN_INT_CONVERSION = YES;
				CLANG_WARN_NON_LITERAL_NULL_CONVERSION = YES;
				CLANG_WARN_OBJC_IMPLICIT_RETAIN_SELF = YES;
				CLANG_WARN_OBJC_LITERAL_CONVERSION = YES;
				CLANG_WARN_OBJC_ROOT_CLASS = YES_ERROR;
				CLANG_WARN_QUOTED_INCLUDE_IN_FRAMEWORK_HEADER = YES;
				CLANG_WARN_RANGE_LOOP_ANALYSIS = YES;
				CLANG_WARN_STRICT_PROTOTYPES = YES;
				CLANG_WARN_SUSPICIOUS_MOVE = YES;
				CLANG_WARN_UNGUARDED_AVAILABILITY = YES_AGGRESSIVE;
				CLANG_WARN_UNREACHABLE_CODE = YES;
				CLANG_WARN__DUPLICATE_METHOD_MATCH = YES;
				COPY_PHASE_STRIP = NO;
				DEBUG_INFORMATION_FORMAT = dwarf;
				ENABLE_STRICT_OBJC_MSGSEND = YES;
				ENABLE_TESTABILITY = YES;
				GCC_C_LANGUAGE_STANDARD = gnu11;
				GCC_DYNAMIC_NO_PIC = NO;
				GCC_NO_COMMON_BLOCKS = YES;
				GCC_OPTIMIZATION_LEVEL = 0;
				GCC_PREPROCESSOR_DEFINITIONS = (
					"DEBUG=1",
					"$(inherited)",
				);
				GCC_WARN_64_TO_32_BIT_CONVERSION = YES;
				GCC_WARN_ABOUT_RETURN_TYPE = YES_ERROR;
				GCC_WARN_UNDECLARED_SELECTOR = YES;
				GCC_WARN_UNINITIALIZED_AUTOS = YES_AGGRESSIVE;
				GCC_WARN_UNUSED_FUNCTION = YES;
				GCC_WARN_UNUSED_VARIABLE = YES;
				IPHONEOS_DEPLOYMENT_TARGET = 16.4;
				MTL_ENABLE_DEBUG_INFO = INCLUDE_SOURCE;
				MTL_FAST_MATH = YES;
				ONLY_ACTIVE_ARCH = YES;
				SDKROOT = iphoneos;
				SWIFT_ACTIVE_COMPILATION_CONDITIONS = DEBUG;
				SWIFT_OPTIMIZATION_LEVEL = "-Onone";
			};
			name = Debug;
		};
		5678AA472BA1701600098BF9 /* Release */ = {
			isa = XCBuildConfiguration;
			buildSettings = {
				ALWAYS_SEARCH_USER_PATHS = NO;
				CLANG_ANALYZER_NONNULL = YES;
				CLANG_ANALYZER_NUMBER_OBJECT_CONVERSION = YES_AGGRESSIVE;
				CLANG_CXX_LANGUAGE_STANDARD = "gnu++20";
				CLANG_ENABLE_MODULES = YES;
				CLANG_ENABLE_OBJC_ARC = YES;
				CLANG_ENABLE_OBJC_WEAK = YES;
				CLANG_WARN_BLOCK_CAPTURE_AUTORELEASING = YES;
				CLANG_WARN_BOOL_CONVERSION = YES;
				CLANG_WARN_COMMA = YES;
				CLANG_WARN_CONSTANT_CONVERSION = YES;
				CLANG_WARN_DEPRECATED_OBJC_IMPLEMENTATIONS = YES;
				CLANG_WARN_DIRECT_OBJC_ISA_USAGE = YES_ERROR;
				CLANG_WARN_DOCUMENTATION_COMMENTS = YES;
				CLANG_WARN_EMPTY_BODY = YES;
				CLANG_WARN_ENUM_CONVERSION = YES;
				CLANG_WARN_INFINITE_RECURSION = YES;
				CLANG_WARN_INT_CONVERSION = YES;
				CLANG_WARN_NON_LITERAL_NULL_CONVERSION = YES;
				CLANG_WARN_OBJC_IMPLICIT_RETAIN_SELF = YES;
				CLANG_WARN_OBJC_LITERAL_CONVERSION = YES;
				CLANG_WARN_OBJC_ROOT_CLASS = YES_ERROR;
				CLANG_WARN_QUOTED_INCLUDE_IN_FRAMEWORK_HEADER = YES;
				CLANG_WARN_RANGE_LOOP_ANALYSIS = YES;
				CLANG_WARN_STRICT_PROTOTYPES = YES;
				CLANG_WARN_SUSPICIOUS_MOVE = YES;
				CLANG_WARN_UNGUARDED_AVAILABILITY = YES_AGGRESSIVE;
				CLANG_WARN_UNREACHABLE_CODE = YES;
				CLANG_WARN__DUPLICATE_METHOD_MATCH = YES;
				COPY_PHASE_STRIP = NO;
				DEBUG_INFORMATION_FORMAT = "dwarf-with-dsym";
				ENABLE_NS_ASSERTIONS = NO;
				ENABLE_STRICT_OBJC_MSGSEND = YES;
				GCC_C_LANGUAGE_STANDARD = gnu11;
				GCC_NO_COMMON_BLOCKS = YES;
				GCC_WARN_64_TO_32_BIT_CONVERSION = YES;
				GCC_WARN_ABOUT_RETURN_TYPE = YES_ERROR;
				GCC_WARN_UNDECLARED_SELECTOR = YES;
				GCC_WARN_UNINITIALIZED_AUTOS = YES_AGGRESSIVE;
				GCC_WARN_UNUSED_FUNCTION = YES;
				GCC_WARN_UNUSED_VARIABLE = YES;
				IPHONEOS_DEPLOYMENT_TARGET = 16.4;
				MTL_ENABLE_DEBUG_INFO = NO;
				MTL_FAST_MATH = YES;
				SDKROOT = iphoneos;
				SWIFT_COMPILATION_MODE = wholemodule;
				SWIFT_OPTIMIZATION_LEVEL = "-O";
				VALIDATE_PRODUCT = YES;
			};
			name = Release;
		};
		5678AA492BA1701600098BF9 /* Debug */ = {
			isa = XCBuildConfiguration;
			buildSettings = {
				ASSETCATALOG_COMPILER_APPICON_NAME = AppIcon;
				ASSETCATALOG_COMPILER_GLOBAL_ACCENT_COLOR_NAME = AccentColor;
				CODE_SIGN_STYLE = Manual;
				CURRENT_PROJECT_VERSION = 1;
				DEVELOPMENT_ASSET_PATHS = "\"poc_xdk_swiftui/Preview Content\"";
				DEVELOPMENT_TEAM = "";
				ENABLE_PREVIEWS = YES;
				"EXCLUDED_ARCHS[sdk=*]" = arm64;
				FRAMEWORK_SEARCH_PATHS = (
					"$(inherited)",
					"$(PROJECT_DIR)",
				);
				GENERATE_INFOPLIST_FILE = YES;
				INFOPLIST_KEY_UIApplicationSceneManifest_Generation = YES;
				INFOPLIST_KEY_UIApplicationSupportsIndirectInputEvents = YES;
				INFOPLIST_KEY_UILaunchScreen_Generation = YES;
				INFOPLIST_KEY_UISupportedInterfaceOrientations_iPad = "UIInterfaceOrientationPortrait UIInterfaceOrientationPortraitUpsideDown UIInterfaceOrientationLandscapeLeft UIInterfaceOrientationLandscapeRight";
				INFOPLIST_KEY_UISupportedInterfaceOrientations_iPhone = "UIInterfaceOrientationPortrait UIInterfaceOrientationLandscapeLeft UIInterfaceOrientationLandscapeRight";
				LD_RUNPATH_SEARCH_PATHS = (
					"$(inherited)",
					"@executable_path/Frameworks",
				);
				MARKETING_VERSION = 1.0;
				PRODUCT_BUNDLE_IDENTIFIER = "com.poc-xdk-swiftui";
				PRODUCT_NAME = "$(TARGET_NAME)";
				PROVISIONING_PROFILE_SPECIFIER = "";
				SWIFT_EMIT_LOC_STRINGS = YES;
				SWIFT_OBJC_BRIDGING_HEADER = "$(PROJECT_DIR)/poc_xdk_swiftui/MOLPayXDKBridge.h";
				SWIFT_VERSION = 5.0;
				TARGETED_DEVICE_FAMILY = "1,2";
			};
			name = Debug;
		};
		5678AA4A2BA1701600098BF9 /* Release */ = {
			isa = XCBuildConfiguration;
			buildSettings = {
				ASSETCATALOG_COMPILER_APPICON_NAME = AppIcon;
				ASSETCATALOG_COMPILER_GLOBAL_ACCENT_COLOR_NAME = AccentColor;
				CODE_SIGN_STYLE = Manual;
				CURRENT_PROJECT_VERSION = 1;
				DEVELOPMENT_ASSET_PATHS = "\"poc_xdk_swiftui/Preview Content\"";
				DEVELOPMENT_TEAM = "";
				ENABLE_PREVIEWS = YES;
				FRAMEWORK_SEARCH_PATHS = (
					"$(inherited)",
					"$(PROJECT_DIR)",
				);
				GENERATE_INFOPLIST_FILE = YES;
				INFOPLIST_KEY_UIApplicationSceneManifest_Generation = YES;
				INFOPLIST_KEY_UIApplicationSupportsIndirectInputEvents = YES;
				INFOPLIST_KEY_UILaunchScreen_Generation = YES;
				INFOPLIST_KEY_UISupportedInterfaceOrientations_iPad = "UIInterfaceOrientationPortrait UIInterfaceOrientationPortraitUpsideDown UIInterfaceOrientationLandscapeLeft UIInterfaceOrientationLandscapeRight";
				INFOPLIST_KEY_UISupportedInterfaceOrientations_iPhone = "UIInterfaceOrientationPortrait UIInterfaceOrientationLandscapeLeft UIInterfaceOrientationLandscapeRight";
				LD_RUNPATH_SEARCH_PATHS = (
					"$(inherited)",
					"@executable_path/Frameworks",
				);
				MARKETING_VERSION = 1.0;
				PRODUCT_BUNDLE_IDENTIFIER = "com.poc-xdk-swiftui";
				PRODUCT_NAME = "$(TARGET_NAME)";
				PROVISIONING_PROFILE_SPECIFIER = "";
				SWIFT_EMIT_LOC_STRINGS = YES;
				SWIFT_OBJC_BRIDGING_HEADER = "$(PROJECT_DIR)/poc_xdk_swiftui/MOLPayXDKBridge.h";
				SWIFT_VERSION = 5.0;
				TARGETED_DEVICE_FAMILY = "1,2";
			};
			name = Release;
		};
/* End XCBuildConfiguration section */

/* Begin XCConfigurationList section */
		5678AA352BA1701400098BF9 /* Build configuration list for PBXProject "poc_xdk_swiftui" */ = {
			isa = XCConfigurationList;
			buildConfigurations = (
				5678AA462BA1701600098BF9 /* Debug */,
				5678AA472BA1701600098BF9 /* Release */,
			);
			defaultConfigurationIsVisible = 0;
			defaultConfigurationName = Release;
		};
		5678AA482BA1701600098BF9 /* Build configuration list for PBXNativeTarget "poc_xdk_swiftui" */ = {
			isa = XCConfigurationList;
			buildConfigurations = (
				5678AA492BA1701600098BF9 /* Debug */,
				5678AA4A2BA1701600098BF9 /* Release */,
			);
			defaultConfigurationIsVisible = 0;
			defaultConfigurationName = Release;
		};
/* End XCConfigurationList section */
	};
	rootObject = 5678AA322BA1701400098BF9 /* Project object */;
}
